
Microsoft Visual Studio Solution File, Format Version 12.00
# Visual Studio Version 17
VisualStudioVersion = 17.7.34221.43
MinimumVisualStudioVersion = 10.0.40219.1
Project("{9A19103F-16F7-4668-BE54-9A1E7A4F7556}") = "CircleDI", "CircleDI\CircleDI.csproj", "{E9719983-E267-4005-AB18-69DA49F307F8}"
EndProject
Project("{9A19103F-16F7-4668-BE54-9A1E7A4F7556}") = "CircleDI.Tests", "CircleDI.Tests\CircleDI.Tests.csproj", "{38D34E31-8972-4157-8AF0-927A0ABB57F4}"
EndProject
Global
	GlobalSection(SolutionConfigurationPlatforms) = preSolution
		Debug|Any CPU = Debug|Any CPU
		Release|Any CPU = Release|Any CPU
	EndGlobalSection
	GlobalSection(ProjectConfigurationPlatforms) = postSolution
		{E9719983-E267-4005-AB18-69DA49F307F8}.Debug|Any CPU.ActiveCfg = Debug|Any CPU
		{E9719983-E267-4005-AB18-69DA49F307F8}.Debug|Any CPU.Build.0 = Debug|Any CPU
		{E9719983-E267-4005-AB18-69DA49F307F8}.Release|Any CPU.ActiveCfg = Release|Any CPU
		{E9719983-E267-4005-AB18-69DA49F307F8}.Release|Any CPU.Build.0 = Release|Any CPU
		{38D34E31-8972-4157-8AF0-927A0ABB57F4}.Debug|Any CPU.ActiveCfg = Debug|Any CPU
		{38D34E31-8972-4157-8AF0-927A0ABB57F4}.Debug|Any CPU.Build.0 = Debug|Any CPU
		{38D34E31-8972-4157-8AF0-927A0ABB57F4}.Release|Any CPU.ActiveCfg = Release|Any CPU
		{38D34E31-8972-4157-8AF0-927A0ABB57F4}.Release|Any CPU.Build.0 = Release|Any CPU
	EndGlobalSection
	GlobalSection(SolutionProperties) = preSolution
		HideSolutionNode = FALSE
	EndGlobalSection
	GlobalSection(ExtensibilityGlobals) = postSolution
		SolutionGuid = {52154641-5F62-4801-B4D9-A4B8A7376D76}
	EndGlobalSection
EndGlobal
